
Microsoft Visual Studio Solution File, Format Version 12.00
# Visual Studio Version 16
VisualStudioVersion = 16.0.31205.134
MinimumVisualStudioVersion = 10.0.40219.1
Project("{FAE04EC0-301F-11D3-BF4B-00C04F79EFBC}") = "Spotify Adblocker", "Spotify Adblocker.csproj", "{EFA8EAB6-74D8-47FD-B3A4-02ED945C80AE}"
EndProject
Global
	GlobalSection(SolutionConfigurationPlatforms) = preSolution
		Debug|Any CPU = Debug|Any CPU
		Release|Any CPU = Release|Any CPU
	EndGlobalSection
	GlobalSection(ProjectConfigurationPlatforms) = postSolution
		{EFA8EAB6-74D8-47FD-B3A4-02ED945C80AE}.Debug|Any CPU.ActiveCfg = Debug|Any CPU
		{EFA8EAB6-74D8-47FD-B3A4-02ED945C80AE}.Debug|Any CPU.Build.0 = Debug|Any CPU
		{EFA8EAB6-74D8-47FD-B3A4-02ED945C80AE}.Release|Any CPU.ActiveCfg = Release|Any CPU
		{EFA8EAB6-74D8-47FD-B3A4-02ED945C80AE}.Release|Any CPU.Build.0 = Release|Any CPU
	EndGlobalSection
	GlobalSection(SolutionProperties) = preSolution
		HideSolutionNode = FALSE
	EndGlobalSection
	GlobalSection(ExtensibilityGlobals) = postSolution
		SolutionGuid = {7B52281F-11E4-4518-A42D-8979F4783F26}
	EndGlobalSection
EndGlobal
